
Microsoft Visual Studio Solution File, Format Version 12.00
# Visual Studio Version 16
VisualStudioVersion = 16.0.30320.27
MinimumVisualStudioVersion = 10.0.40219.1
Project("{FAE04EC0-301F-11D3-BF4B-00C04F79EFBC}") = "WebApplication10", "WebApplication10\WebApplication10.csproj", "{B2A526A2-440C-45AD-BF70-FBCE9233C3EB}"
EndProject
Global
	GlobalSection(SolutionConfigurationPlatforms) = preSolution
		Debug|Any CPU = Debug|Any CPU
		Release|Any CPU = Release|Any CPU
	EndGlobalSection
	GlobalSection(ProjectConfigurationPlatforms) = postSolution
		{B2A526A2-440C-45AD-BF70-FBCE9233C3EB}.Debug|Any CPU.ActiveCfg = Debug|Any CPU
		{B2A526A2-440C-45AD-BF70-FBCE9233C3EB}.Debug|Any CPU.Build.0 = Debug|Any CPU
		{B2A526A2-440C-45AD-BF70-FBCE9233C3EB}.Release|Any CPU.ActiveCfg = Release|Any CPU
		{B2A526A2-440C-45AD-BF70-FBCE9233C3EB}.Release|Any CPU.Build.0 = Release|Any CPU
	EndGlobalSection
	GlobalSection(SolutionProperties) = preSolution
		HideSolutionNode = FALSE
	EndGlobalSection
	GlobalSection(ExtensibilityGlobals) = postSolution
		SolutionGuid = {B159813F-2C05-44A8-93A9-43C5A968DBF8}
	EndGlobalSection
EndGlobal
